
Microsoft Visual Studio Solution File, Format Version 12.00
# Visual Studio Version 17
VisualStudioVersion = 17.5.002.0
MinimumVisualStudioVersion = 10.0.40219.1
Project("{9A19103F-16F7-4668-BE54-9A1E7A4F7556}") = "infra-web", "infra-web\infra-web.csproj", "{F28DE5A5-30AF-4BC1-AD08-65F2DDBFA4E7}"
EndProject
Project("{9A19103F-16F7-4668-BE54-9A1E7A4F7556}") = "infra-api", "infra-api\infra-api.csproj", "{8E465CFB-619B-45EB-B4A9-277440D73171}"
EndProject
Global
	GlobalSection(SolutionConfigurationPlatforms) = preSolution
		Debug|Any CPU = Debug|Any CPU
		Release|Any CPU = Release|Any CPU
	EndGlobalSection
	GlobalSection(ProjectConfigurationPlatforms) = postSolution
		{F28DE5A5-30AF-4BC1-AD08-65F2DDBFA4E7}.Debug|Any CPU.ActiveCfg = Debug|Any CPU
		{F28DE5A5-30AF-4BC1-AD08-65F2DDBFA4E7}.Debug|Any CPU.Build.0 = Debug|Any CPU
		{F28DE5A5-30AF-4BC1-AD08-65F2DDBFA4E7}.Release|Any CPU.ActiveCfg = Release|Any CPU
		{F28DE5A5-30AF-4BC1-AD08-65F2DDBFA4E7}.Release|Any CPU.Build.0 = Release|Any CPU
		{8E465CFB-619B-45EB-B4A9-277440D73171}.Debug|Any CPU.ActiveCfg = Debug|Any CPU
		{8E465CFB-619B-45EB-B4A9-277440D73171}.Debug|Any CPU.Build.0 = Debug|Any CPU
		{8E465CFB-619B-45EB-B4A9-277440D73171}.Release|Any CPU.ActiveCfg = Release|Any CPU
		{8E465CFB-619B-45EB-B4A9-277440D73171}.Release|Any CPU.Build.0 = Release|Any CPU
	EndGlobalSection
	GlobalSection(SolutionProperties) = preSolution
		HideSolutionNode = FALSE
	EndGlobalSection
	GlobalSection(ExtensibilityGlobals) = postSolution
		SolutionGuid = {3248997B-5328-4E00-A05B-7BD60896C3A2}
	EndGlobalSection
EndGlobal
